PODS:
  - Flutter (1.0.0)
  - package_info (0.0.1):
    - Flutter
  - path_provider_foundation (0.0.1):
    - Flutter
    - FlutterMacOS
  - permission_handler_apple (9.1.1):
    - Flutter
  - shared_preferences_foundation (0.0.1):
    - Flutter
    - FlutterMacOS
  - wifi_info_flutter (0.0.1):
    - Flutter

DEPENDENCIES:
  - Flutter (from `Flutter`)
  - package_info (from `.symlinks/plugins/package_info/ios`)
  - path_provider_foundation (from `.symlinks/plugins/path_provider_foundation/darwin`)
  - permission_handler_apple (from `.symlinks/plugins/permission_handler_apple/ios`)
  - shared_preferences_foundation (from `.symlinks/plugins/shared_preferences_foundation/darwin`)
  - wifi_info_flutter (from `.symlinks/plugins/wifi_info_flutter/ios`)

EXTERNAL SOURCES:
  Flutter:
    :path: Flutter
  package_info:
    :path: ".symlinks/plugins/package_info/ios"
  path_provider_foundation:
    :path: ".symlinks/plugins/path_provider_foundation/darwin"
  permission_handler_apple:
    :path: ".symlinks/plugins/permission_handler_apple/ios"
  shared_preferences_foundation:
    :path: ".symlinks/plugins/shared_preferences_foundation/darwin"
  wifi_info_flutter:
    :path: ".symlinks/plugins/wifi_info_flutter/ios"

SPEC CHECKSUMS:
  Flutter: f04841e97a9d0b0a8025694d0796dd46242b2854
  package_info: 873975fc26034f0b863a300ad47e7f1ac6c7ec62
  path_provider_foundation: 29f094ae23ebbca9d3d0cec13889cd9060c0e943
  permission_handler_apple: e76247795d700c14ea09e3a2d8855d41ee80a2e6
  shared_preferences_foundation: 5b919d13b803cadd15ed2dc053125c68730e5126
  wifi_info_flutter: 55d4c2469034f5b5c38063ccefa62f708a503a2b

PODFILE CHECKSUM: 5a367937f10bf0c459576e5e472a1159ee029c13

COCOAPODS: 1.14.3
